
Microsoft Visual Studio Solution File, Format Version 12.00
# Visual Studio 15
VisualStudioVersion = 15.0.27428.2015
MinimumVisualStudioVersion = 10.0.40219.1
Project("{FAE04EC0-301F-11D3-BF4B-00C04F79EFBC}") = "SecureNote.Android", "SecureNote\SecureNote.Android\SecureNote.Android.csproj", "{0BBD02C6-9F3F-4845-A182-A227AF701721}"
EndProject
Project("{FAE04EC0-301F-11D3-BF4B-00C04F79EFBC}") = "SecureNote.iOS", "SecureNote\SecureNote.iOS\SecureNote.iOS.csproj", "{535E7FF0-3CD3-4BCF-A74A-DEA2CD381F32}"
EndProject
Project("{FAE04EC0-301F-11D3-BF4B-00C04F79EFBC}") = "SecureNote", "SecureNote\SecureNote\SecureNote.csproj", "{481E89E1-89C6-4C55-B114-79AE0466452D}"
EndProject
Global
	GlobalSection(SolutionConfigurationPlatforms) = preSolution
		Ad-Hoc|Any CPU = Ad-Hoc|Any CPU
		Ad-Hoc|iPhone = Ad-Hoc|iPhone
		Ad-Hoc|iPhoneSimulator = Ad-Hoc|iPhoneSimulator
		AppStore|Any CPU = AppStore|Any CPU
		AppStore|iPhone = AppStore|iPhone
		AppStore|iPhoneSimulator = AppStore|iPhoneSimulator
		Debug|Any CPU = Debug|Any CPU
		Debug|iPhone = Debug|iPhone
		Debug|iPhoneSimulator = Debug|iPhoneSimulator
		Release|Any CPU = Release|Any CPU
		Release|iPhone = Release|iPhone
		Release|iPhoneSimulator = Release|iPhoneSimulator
	EndGlobalSection
	GlobalSection(ProjectConfigurationPlatforms) = postSolution
		{0BBD02C6-9F3F-4845-A182-A227AF701721}.Ad-Hoc|Any CPU.ActiveCfg = Release|Any CPU
		{0BBD02C6-9F3F-4845-A182-A227AF701721}.Ad-Hoc|Any CPU.Build.0 = Release|Any CPU
		{0BBD02C6-9F3F-4845-A182-A227AF701721}.Ad-Hoc|Any CPU.Deploy.0 = Release|Any CPU
		{0BBD02C6-9F3F-4845-A182-A227AF701721}.Ad-Hoc|iPhone.ActiveCfg = Release|Any CPU
		{0BBD02C6-9F3F-4845-A182-A227AF701721}.Ad-Hoc|iPhone.Build.0 = Release|Any CPU
		{0BBD02C6-9F3F-4845-A182-A227AF701721}.Ad-Hoc|iPhone.Deploy.0 = Release|Any CPU
		{0BBD02C6-9F3F-4845-A182-A227AF701721}.Ad-Hoc|iPhoneSimulator.ActiveCfg = Release|Any CPU
		{0BBD02C6-9F3F-4845-A182-A227AF701721}.Ad-Hoc|iPhoneSimulator.Build.0 = Release|Any CPU
		{0BBD02C6-9F3F-4845-A182-A227AF701721}.Ad-Hoc|iPhoneSimulator.Deploy.0 = Release|Any CPU
		{0BBD02C6-9F3F-4845-A182-A227AF701721}.AppStore|Any CPU.ActiveCfg = Release|Any CPU
		{0BBD02C6-9F3F-4845-A182-A227AF701721}.AppStore|Any CPU.Build.0 = Release|Any CPU
		{0BBD02C6-9F3F-4845-A182-A227AF701721}.AppStore|Any CPU.Deploy.0 = Release|Any CPU
		{0BBD02C6-9F3F-4845-A182-A227AF701721}.AppStore|iPhone.ActiveCfg = Release|Any CPU
		{0BBD02C6-9F3F-4845-A182-A227AF701721}.AppStore|iPhone.Build.0 = Release|Any CPU
		{0BBD02C6-9F3F-4845-A182-A227AF701721}.AppStore|iPhone.Deploy.0 = Release|Any CPU
		{0BBD02C6-9F3F-4845-A182-A227AF701721}.AppStore|iPhoneSimulator.ActiveCfg = Release|Any CPU
		{0BBD02C6-9F3F-4845-A182-A227AF701721}.AppStore|iPhoneSimulator.Build.0 = Release|Any CPU
		{0BBD02C6-9F3F-4845-A182-A227AF701721}.AppStore|iPhoneSimulator.Deploy.0 = Release|Any CPU
		{0BBD02C6-9F3F-4845-A182-A227AF701721}.Debug|Any CPU.ActiveCfg = Debug|Any CPU
		{0BBD02C6-9F3F-4845-A182-A227AF701721}.Debug|Any CPU.Build.0 = Debug|Any CPU
		{0BBD02C6-9F3F-4845-A182-A227AF701721}.Debug|Any CPU.Deploy.0 = Debug|Any CPU
		{0BBD02C6-9F3F-4845-A182-A227AF701721}.Debug|iPhone.ActiveCfg = Debug|Any CPU
		{0BBD02C6-9F3F-4845-A182-A227AF701721}.Debug|iPhone.Build.0 = Debug|Any CPU
		{0BBD02C6-9F3F-4845-A182-A227AF701721}.Debug|iPhone.Deploy.0 = Debug|Any CPU
		{0BBD02C6-9F3F-4845-A182-A227AF701721}.Debug|iPhoneSimulator.ActiveCfg = Debug|Any CPU
		{0BBD02C6-9F3F-4845-A182-A227AF701721}.Debug|iPhoneSimulator.Build.0 = Debug|Any CPU
		{0BBD02C6-9F3F-4845-A182-A227AF701721}.Debug|iPhoneSimulator.Deploy.0 = Debug|Any CPU
		{0BBD02C6-9F3F-4845-A182-A227AF701721}.Release|Any CPU.ActiveCfg = Release|Any CPU
		{0BBD02C6-9F3F-4845-A182-A227AF701721}.Release|Any CPU.Build.0 = Release|Any CPU
		{0BBD02C6-9F3F-4845-A182-A227AF701721}.Release|Any CPU.Deploy.0 = Release|Any CPU
		{0BBD02C6-9F3F-4845-A182-A227AF701721}.Release|iPhone.ActiveCfg = Release|Any CPU
		{0BBD02C6-9F3F-4845-A182-A227AF701721}.Release|iPhone.Build.0 = Release|Any CPU
		{0BBD02C6-9F3F-4845-A182-A227AF701721}.Release|iPhone.Deploy.0 = Release|Any CPU
		{0BBD02C6-9F3F-4845-A182-A227AF701721}.Release|iPhoneSimulator.ActiveCfg = Release|Any CPU
		{0BBD02C6-9F3F-4845-A182-A227AF701721}.Release|iPhoneSimulator.Build.0 = Release|Any CPU
		{0BBD02C6-9F3F-4845-A182-A227AF701721}.Release|iPhoneSimulator.Deploy.0 = Release|Any CPU
		{535E7FF0-3CD3-4BCF-A74A-DEA2CD381F32}.Ad-Hoc|Any CPU.ActiveCfg = Ad-Hoc|iPhone
		{535E7FF0-3CD3-4BCF-A74A-DEA2CD381F32}.Ad-Hoc|iPhone.ActiveCfg = Ad-Hoc|iPhone
		{535E7FF0-3CD3-4BCF-A74A-DEA2CD381F32}.Ad-Hoc|iPhone.Build.0 = Ad-Hoc|iPhone
		{535E7FF0-3CD3-4BCF-A74A-DEA2CD381F32}.Ad-Hoc|iPhoneSimulator.ActiveCfg = Ad-Hoc|iPhoneSimulator
		{535E7FF0-3CD3-4BCF-A74A-DEA2CD381F32}.Ad-Hoc|iPhoneSimulator.Build.0 = Ad-Hoc|iPhoneSimulator
		{535E7FF0-3CD3-4BCF-A74A-DEA2CD381F32}.AppStore|Any CPU.ActiveCfg = AppStore|iPhone
		{535E7FF0-3CD3-4BCF-A74A-DEA2CD381F32}.AppStore|iPhone.ActiveCfg = AppStore|iPhone
		{535E7FF0-3CD3-4BCF-A74A-DEA2CD381F32}.AppStore|iPhone.Build.0 = AppStore|iPhone
		{535E7FF0-3CD3-4BCF-A74A-DEA2CD381F32}.AppStore|iPhoneSimulator.ActiveCfg = AppStore|iPhoneSimulator
		{535E7FF0-3CD3-4BCF-A74A-DEA2CD381F32}.AppStore|iPhoneSimulator.Build.0 = AppStore|iPhoneSimulator
		{535E7FF0-3CD3-4BCF-A74A-DEA2CD381F32}.Debug|Any CPU.ActiveCfg = Debug|iPhone
		{535E7FF0-3CD3-4BCF-A74A-DEA2CD381F32}.Debug|iPhone.ActiveCfg = Debug|iPhone
		{535E7FF0-3CD3-4BCF-A74A-DEA2CD381F32}.Debug|iPhone.Build.0 = Debug|iPhone
		{535E7FF0-3CD3-4BCF-A74A-DEA2CD381F32}.Debug|iPhoneSimulator.ActiveCfg = Debug|iPhoneSimulator
		{535E7FF0-3CD3-4BCF-A74A-DEA2CD381F32}.Debug|iPhoneSimulator.Build.0 = Debug|iPhoneSimulator
		{535E7FF0-3CD3-4BCF-A74A-DEA2CD381F32}.Release|Any CPU.ActiveCfg = Release|iPhone
		{535E7FF0-3CD3-4BCF-A74A-DEA2CD381F32}.Release|iPhone.ActiveCfg = Release|iPhone
		{535E7FF0-3CD3-4BCF-A74A-DEA2CD381F32}.Release|iPhone.Build.0 = Release|iPhone
		{535E7FF0-3CD3-4BCF-A74A-DEA2CD381F32}.Release|iPhoneSimulator.ActiveCfg = Release|iPhoneSimulator
		{535E7FF0-3CD3-4BCF-A74A-DEA2CD381F32}.Release|iPhoneSimulator.Build.0 = Release|iPhoneSimulator
		{481E89E1-89C6-4C55-B114-79AE0466452D}.Ad-Hoc|Any CPU.ActiveCfg = Debug|Any CPU
		{481E89E1-89C6-4C55-B114-79AE0466452D}.Ad-Hoc|Any CPU.Build.0 = Debug|Any CPU
		{481E89E1-89C6-4C55-B114-79AE0466452D}.Ad-Hoc|iPhone.ActiveCfg = Debug|Any CPU
		{481E89E1-89C6-4C55-B114-79AE0466452D}.Ad-Hoc|iPhone.Build.0 = Debug|Any CPU
		{481E89E1-89C6-4C55-B114-79AE0466452D}.Ad-Hoc|iPhoneSimulator.ActiveCfg = Debug|Any CPU
		{481E89E1-89C6-4C55-B114-79AE0466452D}.Ad-Hoc|iPhoneSimulator.Build.0 = Debug|Any CPU
		{481E89E1-89C6-4C55-B114-79AE0466452D}.AppStore|Any CPU.ActiveCfg = Debug|Any CPU
		{481E89E1-89C6-4C55-B114-79AE0466452D}.AppStore|Any CPU.Build.0 = Debug|Any CPU
		{481E89E1-89C6-4C55-B114-79AE0466452D}.AppStore|iPhone.ActiveCfg = Debug|Any CPU
		{481E89E1-89C6-4C55-B114-79AE0466452D}.AppStore|iPhone.Build.0 = Debug|Any CPU
		{481E89E1-89C6-4C55-B114-79AE0466452D}.AppStore|iPhoneSimulator.ActiveCfg = Debug|Any CPU
		{481E89E1-89C6-4C55-B114-79AE0466452D}.AppStore|iPhoneSimulator.Build.0 = Debug|Any CPU
		{481E89E1-89C6-4C55-B114-79AE0466452D}.Debug|Any CPU.ActiveCfg = Debug|Any CPU
		{481E89E1-89C6-4C55-B114-79AE0466452D}.Debug|Any CPU.Build.0 = Debug|Any CPU
		{481E89E1-89C6-4C55-B114-79AE0466452D}.Debug|iPhone.ActiveCfg = Debug|Any CPU
		{481E89E1-89C6-4C55-B114-79AE0466452D}.Debug|iPhone.Build.0 = Debug|Any CPU
		{481E89E1-89C6-4C55-B114-79AE0466452D}.Debug|iPhoneSimulator.ActiveCfg = Debug|Any CPU
		{481E89E1-89C6-4C55-B114-79AE0466452D}.Debug|iPhoneSimulator.Build.0 = Debug|Any CPU
		{481E89E1-89C6-4C55-B114-79AE0466452D}.Release|Any CPU.ActiveCfg = Release|Any CPU
		{481E89E1-89C6-4C55-B114-79AE0466452D}.Release|Any CPU.Build.0 = Release|Any CPU
		{481E89E1-89C6-4C55-B114-79AE0466452D}.Release|iPhone.ActiveCfg = Release|Any CPU
		{481E89E1-89C6-4C55-B114-79AE0466452D}.Release|iPhone.Build.0 = Release|Any CPU
		{481E89E1-89C6-4C55-B114-79AE0466452D}.Release|iPhoneSimulator.ActiveCfg = Release|Any CPU
		{481E89E1-89C6-4C55-B114-79AE0466452D}.Release|iPhoneSimulator.Build.0 = Release|Any CPU
	EndGlobalSection
	GlobalSection(SolutionProperties) = preSolution
		HideSolutionNode = FALSE
	EndGlobalSection
	GlobalSection(ExtensibilityGlobals) = postSolution
		SolutionGuid = {D5075DF8-E99B-4E5C-A5A2-626B263095E6}
	EndGlobalSection
EndGlobal
